
Microsoft Visual Studio Solution File, Format Version 12.00
# Visual Studio Version 17
VisualStudioVersion = 17.14.36616.10
MinimumVisualStudioVersion = 10.0.40219.1
Project("{8BC9CEB8-8B4A-11D0-8D11-00A0C91BC942}") = "T2.3", "Tehtävä1\Tehtävä1.vcxproj", "{E9E55087-4AFC-4E3C-A2D5-4EE6F13BCA35}"
EndProject
Project("{8BC9CEB8-8B4A-11D0-8D11-00A0C91BC942}") = "T2.1", "Project1\Project1.vcxproj", "{A1C76CCC-A05E-4129-9584-E20B6849815C}"
EndProject
Project("{8BC9CEB8-8B4A-11D0-8D11-00A0C91BC942}") = "T3.3", "T3.3\T3.3.vcxproj", "{CF8BF56A-F3B7-4560-9466-4617855F3780}"
EndProject
Project("{8BC9CEB8-8B4A-11D0-8D11-00A0C91BC942}") = "T3.4", "T3.4\T3.4.vcxproj", "{2A77257C-9070-40DF-87AA-C804309DF923}"
EndProject
Project("{8BC9CEB8-8B4A-11D0-8D11-00A0C91BC942}") = "T4.1", "T4.1\T4.1.vcxproj", "{5EC30B36-D139-4BF0-AD37-24588B9EC16A}"
EndProject
Project("{8BC9CEB8-8B4A-11D0-8D11-00A0C91BC942}") = "T4.2", "T4.2\T4.2.vcxproj", "{5CF67CC9-D9D2-43D0-ABA1-5F959EC12806}"
EndProject
Project("{8BC9CEB8-8B4A-11D0-8D11-00A0C91BC942}") = "T6.3", "T6.3\T6.3.vcxproj", "{84254F4C-9DFC-4A16-83CB-6A3A97827768}"
EndProject
Project("{8BC9CEB8-8B4A-11D0-8D11-00A0C91BC942}") = "Tuntitehtavat1", "Tuntitehtavat1\Tuntitehtavat1.vcxproj", "{E1F44D5F-6EEB-4832-B7B9-C08466C45345}"
EndProject
Project("{8BC9CEB8-8B4A-11D0-8D11-00A0C91BC942}") = "Tuntitehtava2", "Tuntitehtava2\Tuntitehtava2.vcxproj", "{90748D7F-4CD1-427B-AEC6-905B66EFFD25}"
EndProject
Project("{8BC9CEB8-8B4A-11D0-8D11-00A0C91BC942}") = "Tuntitehtava3", "Tuntitehtava3\Tuntitehtava3.vcxproj", "{C8D2AAE6-58FA-47A2-9C52-B26601F78FED}"
EndProject
Project("{8BC9CEB8-8B4A-11D0-8D11-00A0C91BC942}") = "Tuntitehtava4", "Tuntitehtava4\Tuntitehtava4.vcxproj", "{31D835DD-B139-43E5-ABB9-A398216BF83C}"
EndProject
Project("{8BC9CEB8-8B4A-11D0-8D11-00A0C91BC942}") = "Tuntitehtava5", "Tuntitehtava5\Tuntitehtava5.vcxproj", "{0775627B-2E85-411C-BE78-3BE00D6D213B}"
EndProject
Project("{8BC9CEB8-8B4A-11D0-8D11-00A0C91BC942}") = "Tuntitehtava6", "Tuntitehtava6\Tuntitehtava6.vcxproj", "{84A54982-35CD-4D38-9FE4-2F8E4206BA24}"
EndProject
Project("{8BC9CEB8-8B4A-11D0-8D11-00A0C91BC942}") = "sizeof-operator", "sizeof-operator\sizeof-operator.vcxproj", "{498DDE89-11FE-459B-9C19-5F8960CDF7A4}"
EndProject
Project("{8BC9CEB8-8B4A-11D0-8D11-00A0C91BC942}") = "kokonaislukutyyppinen muuttuja x", "kokonaislukutyyppinen muuttuja x\kokonaislukutyyppinen muuttuja x.vcxproj", "{ED1D88E1-44CE-484D-86C0-3BA918595A35}"
EndProject
Project("{8BC9CEB8-8B4A-11D0-8D11-00A0C91BC942}") = "x arvo ohjelmarivin suorituksen jälkeen", "x arvo ohjelmarivin suorituksen jälkeen\x arvo ohjelmarivin suorituksen jälkeen.vcxproj", "{B4BF0C33-FB36-4EC6-A491-97537E606631}"
EndProject
Project("{8BC9CEB8-8B4A-11D0-8D11-00A0C91BC942}") = "funktio summaa", "funktio summaa\funktio summaa.vcxproj", "{BF1444E8-844F-44CD-95FA-EB44AD809F97}"
EndProject
Project("{8BC9CEB8-8B4A-11D0-8D11-00A0C91BC942}") = "funktio nollaa", "funktio nollaa\funktio nollaa.vcxproj", "{D71CA465-028E-4D35-86A2-7F4ED900A761}"
EndProject
Project("{8BC9CEB8-8B4A-11D0-8D11-00A0C91BC942}") = "C-merkkijonon pituus", "C-merkkijonon pituus\C-merkkijonon pituus.vcxproj", "{40B10E00-F609-454B-88BA-A8FA16CB7DA6}"
EndProject
Project("{8BC9CEB8-8B4A-11D0-8D11-00A0C91BC942}") = "Teht4.1", "Teht4.1\Teht4.1.vcxproj", "{372ED09A-D05A-43AD-9976-9C77BE604109}"
EndProject
Project("{8BC9CEB8-8B4A-11D0-8D11-00A0C91BC942}") = "Teht4.2", "Teht4.2\Teht4.2.vcxproj", "{172B4394-7351-43C1-AE16-56F42AFD0EEF}"
EndProject
Project("{8BC9CEB8-8B4A-11D0-8D11-00A0C91BC942}") = "Teht4.3", "Teht4.3\Teht4.3.vcxproj", "{82BF1E20-947C-4195-9AB1-CB108550BEA4}"
EndProject
Project("{8BC9CEB8-8B4A-11D0-8D11-00A0C91BC942}") = "Teht4.4", "Teht4.4\Teht4.4.vcxproj", "{37DB96BF-5AB8-4350-9938-499762C2059A}"
EndProject
Project("{8BC9CEB8-8B4A-11D0-8D11-00A0C91BC942}") = "Teht4.5", "Teht4.5\Teht4.5.vcxproj", "{DB00624F-725E-4D75-B28C-4820B295E997}"
EndProject
Project("{8BC9CEB8-8B4A-11D0-8D11-00A0C91BC942}") = "Teht4.6", "Teht4.6\Teht4.6.vcxproj", "{67724108-621F-49E2-9E08-F8604228C7A3}"
EndProject
Project("{8BC9CEB8-8B4A-11D0-8D11-00A0C91BC942}") = "Teht5.1", "Teht5.1\Teht5.1.vcxproj", "{7D365D83-5D1C-4C30-B716-13A07D4CB64B}"
EndProject
Project("{8BC9CEB8-8B4A-11D0-8D11-00A0C91BC942}") = "Teht5.2", "Teht5.2\Teht5.2.vcxproj", "{AE68D192-FB33-48B0-A249-13367E535B20}"
EndProject
Project("{8BC9CEB8-8B4A-11D0-8D11-00A0C91BC942}") = "Teht5.3", "Teht5.3\Teht5.3.vcxproj", "{79D13E9F-1015-4695-9CAA-9886F644F076}"
EndProject
Project("{8BC9CEB8-8B4A-11D0-8D11-00A0C91BC942}") = "Teht5.4", "Teht5.4\Teht5.4.vcxproj", "{703CC73D-28C0-44FF-9CE5-7CD8DCC11C90}"
EndProject
Project("{8BC9CEB8-8B4A-11D0-8D11-00A0C91BC942}") = "Teht5.5", "Teht5.5\Teht5.5.vcxproj", "{C7AE13E3-DC26-4048-96F5-D873990DD58C}"
EndProject
Project("{8BC9CEB8-8B4A-11D0-8D11-00A0C91BC942}") = "Teht5.6", "Teht5.6\Teht5.6.vcxproj", "{0694EC7A-604C-4605-8FFF-5602CEEC0FD4}"
EndProject
Project("{8BC9CEB8-8B4A-11D0-8D11-00A0C91BC942}") = "TehtOlio1", "TehtOlio1\TehtOlio1.vcxproj", "{B340A5E4-8AD3-45D2-A9C8-D0B5E479B28F}"
EndProject
Project("{8BC9CEB8-8B4A-11D0-8D11-00A0C91BC942}") = "TehtOlio2", "TehtOlio2\TehtOlio2.vcxproj", "{37277E7E-DC42-45B0-AD91-3B23D1EC24AC}"
EndProject
Project("{8BC9CEB8-8B4A-11D0-8D11-00A0C91BC942}") = "TehtOlio3", "TehtOlio3\TehtOlio3.vcxproj", "{16666AB6-1961-49FE-AE72-4AD311373328}"
EndProject
Project("{8BC9CEB8-8B4A-11D0-8D11-00A0C91BC942}") = "TehtOlio4", "TehtOlio4\TehtOlio4.vcxproj", "{2A8BFBF4-B59C-4576-BBB2-93FED78A8428}"
EndProject
Project("{8BC9CEB8-8B4A-11D0-8D11-00A0C91BC942}") = "TehtOlio5", "TehtOlio5\TehtOlio5.vcxproj", "{D6CFF797-E9C0-41EB-B899-CEDC237CE7C8}"
EndProject
Project("{8BC9CEB8-8B4A-11D0-8D11-00A0C91BC942}") = "TehtOlio6", "TehtOlio6\TehtOlio6.vcxproj", "{D7CBA831-DBC2-4E33-9518-B782FA07893D}"
EndProject
Project("{8BC9CEB8-8B4A-11D0-8D11-00A0C91BC942}") = "Teht07Olio.1", "Teht07Olio.1\Teht07Olio.1.vcxproj", "{472E7706-BE25-4ACC-96B6-0F3E55EAF43D}"
EndProject
Project("{8BC9CEB8-8B4A-11D0-8D11-00A0C91BC942}") = "Teht07Olio.2", "Teht07Olio.2\Teht07Olio.2.vcxproj", "{DE2BF27B-A64A-4423-B977-86544B8E3AAD}"
EndProject
Project("{8BC9CEB8-8B4A-11D0-8D11-00A0C91BC942}") = "Teht07Olio.3", "Teht07Olio.3\Teht07Olio.3.vcxproj", "{9D550194-E19A-40E1-94B4-1B16AA6817AE}"
EndProject
Project("{8BC9CEB8-8B4A-11D0-8D11-00A0C91BC942}") = "Teht07Olio.4", "Teht07Olio.4\Teht07Olio.4.vcxproj", "{262A5D9F-37A4-4B95-9448-D599532EEB81}"
EndProject
Project("{8BC9CEB8-8B4A-11D0-8D11-00A0C91BC942}") = "TuntiPerinta1", "TuntiPerinta1\TuntiPerinta1.vcxproj", "{87303C7F-384B-4B19-B8E9-DC702FA44663}"
EndProject
Project("{8BC9CEB8-8B4A-11D0-8D11-00A0C91BC942}") = "TuntiPerinta2", "TuntiPerinta2\TuntiPerinta2.vcxproj", "{ECE60C87-E837-4CDF-AE19-35B53B1D3E50}"
EndProject
Project("{8BC9CEB8-8B4A-11D0-8D11-00A0C91BC942}") = "TuntiPerinta3", "TuntiPerinta3\TuntiPerinta3.vcxproj", "{4BB51DCC-2464-4B5E-887D-1EDDB672EEB7}"
EndProject
Project("{8BC9CEB8-8B4A-11D0-8D11-00A0C91BC942}") = "TuntiPerinta4", "TuntiPerinta4\TuntiPerinta4.vcxproj", "{3D0F33A3-7348-4E94-BB88-53874E57A666}"
EndProject
Project("{8BC9CEB8-8B4A-11D0-8D11-00A0C91BC942}") = "TuntiPerinta5", "TuntiPerinta5\TuntiPerinta5.vcxproj", "{82FDC0DA-8455-4595-B740-90D01F422FDE}"
EndProject
Global
	GlobalSection(SolutionConfigurationPlatforms) = preSolution
		Debug|x64 = Debug|x64
		Debug|x86 = Debug|x86
		Release|x64 = Release|x64
		Release|x86 = Release|x86
	EndGlobalSection
	GlobalSection(ProjectConfigurationPlatforms) = postSolution
		{E9E55087-4AFC-4E3C-A2D5-4EE6F13BCA35}.Debug|x64.ActiveCfg = Debug|x64
		{E9E55087-4AFC-4E3C-A2D5-4EE6F13BCA35}.Debug|x64.Build.0 = Debug|x64
		{E9E55087-4AFC-4E3C-A2D5-4EE6F13BCA35}.Debug|x86.ActiveCfg = Debug|Win32
		{E9E55087-4AFC-4E3C-A2D5-4EE6F13BCA35}.Debug|x86.Build.0 = Debug|Win32
		{E9E55087-4AFC-4E3C-A2D5-4EE6F13BCA35}.Release|x64.ActiveCfg = Release|x64
		{E9E55087-4AFC-4E3C-A2D5-4EE6F13BCA35}.Release|x64.Build.0 = Release|x64
		{E9E55087-4AFC-4E3C-A2D5-4EE6F13BCA35}.Release|x86.ActiveCfg = Release|Win32
		{E9E55087-4AFC-4E3C-A2D5-4EE6F13BCA35}.Release|x86.Build.0 = Release|Win32
		{A1C76CCC-A05E-4129-9584-E20B6849815C}.Debug|x64.ActiveCfg = Debug|x64
		{A1C76CCC-A05E-4129-9584-E20B6849815C}.Debug|x64.Build.0 = Debug|x64
		{A1C76CCC-A05E-4129-9584-E20B6849815C}.Debug|x86.ActiveCfg = Debug|Win32
		{A1C76CCC-A05E-4129-9584-E20B6849815C}.Debug|x86.Build.0 = Debug|Win32
		{A1C76CCC-A05E-4129-9584-E20B6849815C}.Release|x64.ActiveCfg = Release|x64
		{A1C76CCC-A05E-4129-9584-E20B6849815C}.Release|x64.Build.0 = Release|x64
		{A1C76CCC-A05E-4129-9584-E20B6849815C}.Release|x86.ActiveCfg = Release|Win32
		{A1C76CCC-A05E-4129-9584-E20B6849815C}.Release|x86.Build.0 = Release|Win32
		{CF8BF56A-F3B7-4560-9466-4617855F3780}.Debug|x64.ActiveCfg = Debug|x64
		{CF8BF56A-F3B7-4560-9466-4617855F3780}.Debug|x64.Build.0 = Debug|x64
		{CF8BF56A-F3B7-4560-9466-4617855F3780}.Debug|x86.ActiveCfg = Debug|Win32
		{CF8BF56A-F3B7-4560-9466-4617855F3780}.Debug|x86.Build.0 = Debug|Win32
		{CF8BF56A-F3B7-4560-9466-4617855F3780}.Release|x64.ActiveCfg = Release|x64
		{CF8BF56A-F3B7-4560-9466-4617855F3780}.Release|x64.Build.0 = Release|x64
		{CF8BF56A-F3B7-4560-9466-4617855F3780}.Release|x86.ActiveCfg = Release|Win32
		{CF8BF56A-F3B7-4560-9466-4617855F3780}.Release|x86.Build.0 = Release|Win32
		{2A77257C-9070-40DF-87AA-C804309DF923}.Debug|x64.ActiveCfg = Debug|x64
		{2A77257C-9070-40DF-87AA-C804309DF923}.Debug|x64.Build.0 = Debug|x64
		{2A77257C-9070-40DF-87AA-C804309DF923}.Debug|x86.ActiveCfg = Debug|Win32
		{2A77257C-9070-40DF-87AA-C804309DF923}.Debug|x86.Build.0 = Debug|Win32
		{2A77257C-9070-40DF-87AA-C804309DF923}.Release|x64.ActiveCfg = Release|x64
		{2A77257C-9070-40DF-87AA-C804309DF923}.Release|x64.Build.0 = Release|x64
		{2A77257C-9070-40DF-87AA-C804309DF923}.Release|x86.ActiveCfg = Release|Win32
		{2A77257C-9070-40DF-87AA-C804309DF923}.Release|x86.Build.0 = Release|Win32
		{5EC30B36-D139-4BF0-AD37-24588B9EC16A}.Debug|x64.ActiveCfg = Debug|x64
		{5EC30B36-D139-4BF0-AD37-24588B9EC16A}.Debug|x64.Build.0 = Debug|x64
		{5EC30B36-D139-4BF0-AD37-24588B9EC16A}.Debug|x86.ActiveCfg = Debug|Win32
		{5EC30B36-D139-4BF0-AD37-24588B9EC16A}.Debug|x86.Build.0 = Debug|Win32
		{5EC30B36-D139-4BF0-AD37-24588B9EC16A}.Release|x64.ActiveCfg = Release|x64
		{5EC30B36-D139-4BF0-AD37-24588B9EC16A}.Release|x64.Build.0 = Release|x64
		{5EC30B36-D139-4BF0-AD37-24588B9EC16A}.Release|x86.ActiveCfg = Release|Win32
		{5EC30B36-D139-4BF0-AD37-24588B9EC16A}.Release|x86.Build.0 = Release|Win32
		{5CF67CC9-D9D2-43D0-ABA1-5F959EC12806}.Debug|x64.ActiveCfg = Debug|x64
		{5CF67CC9-D9D2-43D0-ABA1-5F959EC12806}.Debug|x64.Build.0 = Debug|x64
		{5CF67CC9-D9D2-43D0-ABA1-5F959EC12806}.Debug|x86.ActiveCfg = Debug|Win32
		{5CF67CC9-D9D2-43D0-ABA1-5F959EC12806}.Debug|x86.Build.0 = Debug|Win32
		{5CF67CC9-D9D2-43D0-ABA1-5F959EC12806}.Release|x64.ActiveCfg = Release|x64
		{5CF67CC9-D9D2-43D0-ABA1-5F959EC12806}.Release|x64.Build.0 = Release|x64
		{5CF67CC9-D9D2-43D0-ABA1-5F959EC12806}.Release|x86.ActiveCfg = Release|Win32
		{5CF67CC9-D9D2-43D0-ABA1-5F959EC12806}.Release|x86.Build.0 = Release|Win32
		{84254F4C-9DFC-4A16-83CB-6A3A97827768}.Debug|x64.ActiveCfg = Debug|x64
		{84254F4C-9DFC-4A16-83CB-6A3A97827768}.Debug|x64.Build.0 = Debug|x64
		{84254F4C-9DFC-4A16-83CB-6A3A97827768}.Debug|x86.ActiveCfg = Debug|Win32
		{84254F4C-9DFC-4A16-83CB-6A3A97827768}.Debug|x86.Build.0 = Debug|Win32
		{84254F4C-9DFC-4A16-83CB-6A3A97827768}.Release|x64.ActiveCfg = Release|x64
		{84254F4C-9DFC-4A16-83CB-6A3A97827768}.Release|x64.Build.0 = Release|x64
		{84254F4C-9DFC-4A16-83CB-6A3A97827768}.Release|x86.ActiveCfg = Release|Win32
		{84254F4C-9DFC-4A16-83CB-6A3A97827768}.Release|x86.Build.0 = Release|Win32
		{E1F44D5F-6EEB-4832-B7B9-C08466C45345}.Debug|x64.ActiveCfg = Debug|x64
		{E1F44D5F-6EEB-4832-B7B9-C08466C45345}.Debug|x64.Build.0 = Debug|x64
		{E1F44D5F-6EEB-4832-B7B9-C08466C45345}.Debug|x86.ActiveCfg = Debug|Win32
		{E1F44D5F-6EEB-4832-B7B9-C08466C45345}.Debug|x86.Build.0 = Debug|Win32
		{E1F44D5F-6EEB-4832-B7B9-C08466C45345}.Release|x64.ActiveCfg = Release|x64
		{E1F44D5F-6EEB-4832-B7B9-C08466C45345}.Release|x64.Build.0 = Release|x64
		{E1F44D5F-6EEB-4832-B7B9-C08466C45345}.Release|x86.ActiveCfg = Release|Win32
		{E1F44D5F-6EEB-4832-B7B9-C08466C45345}.Release|x86.Build.0 = Release|Win32
		{90748D7F-4CD1-427B-AEC6-905B66EFFD25}.Debug|x64.ActiveCfg = Debug|x64
		{90748D7F-4CD1-427B-AEC6-905B66EFFD25}.Debug|x64.Build.0 = Debug|x64
		{90748D7F-4CD1-427B-AEC6-905B66EFFD25}.Debug|x86.ActiveCfg = Debug|Win32
		{90748D7F-4CD1-427B-AEC6-905B66EFFD25}.Debug|x86.Build.0 = Debug|Win32
		{90748D7F-4CD1-427B-AEC6-905B66EFFD25}.Release|x64.ActiveCfg = Release|x64
		{90748D7F-4CD1-427B-AEC6-905B66EFFD25}.Release|x64.Build.0 = Release|x64
		{90748D7F-4CD1-427B-AEC6-905B66EFFD25}.Release|x86.ActiveCfg = Release|Win32
		{90748D7F-4CD1-427B-AEC6-905B66EFFD25}.Release|x86.Build.0 = Release|Win32
		{C8D2AAE6-58FA-47A2-9C52-B26601F78FED}.Debug|x64.ActiveCfg = Debug|x64
		{C8D2AAE6-58FA-47A2-9C52-B26601F78FED}.Debug|x64.Build.0 = Debug|x64
		{C8D2AAE6-58FA-47A2-9C52-B26601F78FED}.Debug|x86.ActiveCfg = Debug|Win32
		{C8D2AAE6-58FA-47A2-9C52-B26601F78FED}.Debug|x86.Build.0 = Debug|Win32
		{C8D2AAE6-58FA-47A2-9C52-B26601F78FED}.Release|x64.ActiveCfg = Release|x64
		{C8D2AAE6-58FA-47A2-9C52-B26601F78FED}.Release|x64.Build.0 = Release|x64
		{C8D2AAE6-58FA-47A2-9C52-B26601F78FED}.Release|x86.ActiveCfg = Release|Win32
		{C8D2AAE6-58FA-47A2-9C52-B26601F78FED}.Release|x86.Build.0 = Release|Win32
		{31D835DD-B139-43E5-ABB9-A398216BF83C}.Debug|x64.ActiveCfg = Debug|x64
		{31D835DD-B139-43E5-ABB9-A398216BF83C}.Debug|x64.Build.0 = Debug|x64
		{31D835DD-B139-43E5-ABB9-A398216BF83C}.Debug|x86.ActiveCfg = Debug|Win32
		{31D835DD-B139-43E5-ABB9-A398216BF83C}.Debug|x86.Build.0 = Debug|Win32
		{31D835DD-B139-43E5-ABB9-A398216BF83C}.Release|x64.ActiveCfg = Release|x64
		{31D835DD-B139-43E5-ABB9-A398216BF83C}.Release|x64.Build.0 = Release|x64
		{31D835DD-B139-43E5-ABB9-A398216BF83C}.Release|x86.ActiveCfg = Release|Win32
		{31D835DD-B139-43E5-ABB9-A398216BF83C}.Release|x86.Build.0 = Release|Win32
		{0775627B-2E85-411C-BE78-3BE00D6D213B}.Debug|x64.ActiveCfg = Debug|x64
		{0775627B-2E85-411C-BE78-3BE00D6D213B}.Debug|x64.Build.0 = Debug|x64
		{0775627B-2E85-411C-BE78-3BE00D6D213B}.Debug|x86.ActiveCfg = Debug|Win32
		{0775627B-2E85-411C-BE78-3BE00D6D213B}.Debug|x86.Build.0 = Debug|Win32
		{0775627B-2E85-411C-BE78-3BE00D6D213B}.Release|x64.ActiveCfg = Release|x64
		{0775627B-2E85-411C-BE78-3BE00D6D213B}.Release|x64.Build.0 = Release|x64
		{0775627B-2E85-411C-BE78-3BE00D6D213B}.Release|x86.ActiveCfg = Release|Win32
		{0775627B-2E85-411C-BE78-3BE00D6D213B}.Release|x86.Build.0 = Release|Win32
		{84A54982-35CD-4D38-9FE4-2F8E4206BA24}.Debug|x64.ActiveCfg = Debug|x64
		{84A54982-35CD-4D38-9FE4-2F8E4206BA24}.Debug|x64.Build.0 = Debug|x64
		{84A54982-35CD-4D38-9FE4-2F8E4206BA24}.Debug|x86.ActiveCfg = Debug|Win32
		{84A54982-35CD-4D38-9FE4-2F8E4206BA24}.Debug|x86.Build.0 = Debug|Win32
		{84A54982-35CD-4D38-9FE4-2F8E4206BA24}.Release|x64.ActiveCfg = Release|x64
		{84A54982-35CD-4D38-9FE4-2F8E4206BA24}.Release|x64.Build.0 = Release|x64
		{84A54982-35CD-4D38-9FE4-2F8E4206BA24}.Release|x86.ActiveCfg = Release|Win32
		{84A54982-35CD-4D38-9FE4-2F8E4206BA24}.Release|x86.Build.0 = Release|Win32
		{498DDE89-11FE-459B-9C19-5F8960CDF7A4}.Debug|x64.ActiveCfg = Debug|x64
		{498DDE89-11FE-459B-9C19-5F8960CDF7A4}.Debug|x64.Build.0 = Debug|x64
		{498DDE89-11FE-459B-9C19-5F8960CDF7A4}.Debug|x86.ActiveCfg = Debug|Win32
		{498DDE89-11FE-459B-9C19-5F8960CDF7A4}.Debug|x86.Build.0 = Debug|Win32
		{498DDE89-11FE-459B-9C19-5F8960CDF7A4}.Release|x64.ActiveCfg = Release|x64
		{498DDE89-11FE-459B-9C19-5F8960CDF7A4}.Release|x64.Build.0 = Release|x64
		{498DDE89-11FE-459B-9C19-5F8960CDF7A4}.Release|x86.ActiveCfg = Release|Win32
		{498DDE89-11FE-459B-9C19-5F8960CDF7A4}.Release|x86.Build.0 = Release|Win32
		{ED1D88E1-44CE-484D-86C0-3BA918595A35}.Debug|x64.ActiveCfg = Debug|x64
		{ED1D88E1-44CE-484D-86C0-3BA918595A35}.Debug|x64.Build.0 = Debug|x64
		{ED1D88E1-44CE-484D-86C0-3BA918595A35}.Debug|x86.ActiveCfg = Debug|Win32
		{ED1D88E1-44CE-484D-86C0-3BA918595A35}.Debug|x86.Build.0 = Debug|Win32
		{ED1D88E1-44CE-484D-86C0-3BA918595A35}.Release|x64.ActiveCfg = Release|x64
		{ED1D88E1-44CE-484D-86C0-3BA918595A35}.Release|x64.Build.0 = Release|x64
		{ED1D88E1-44CE-484D-86C0-3BA918595A35}.Release|x86.ActiveCfg = Release|Win32
		{ED1D88E1-44CE-484D-86C0-3BA918595A35}.Release|x86.Build.0 = Release|Win32
		{B4BF0C33-FB36-4EC6-A491-97537E606631}.Debug|x64.ActiveCfg = Debug|x64
		{B4BF0C33-FB36-4EC6-A491-97537E606631}.Debug|x64.Build.0 = Debug|x64
		{B4BF0C33-FB36-4EC6-A491-97537E606631}.Debug|x86.ActiveCfg = Debug|Win32
		{B4BF0C33-FB36-4EC6-A491-97537E606631}.Debug|x86.Build.0 = Debug|Win32
		{B4BF0C33-FB36-4EC6-A491-97537E606631}.Release|x64.ActiveCfg = Release|x64
		{B4BF0C33-FB36-4EC6-A491-97537E606631}.Release|x64.Build.0 = Release|x64
		{B4BF0C33-FB36-4EC6-A491-97537E606631}.Release|x86.ActiveCfg = Release|Win32
		{B4BF0C33-FB36-4EC6-A491-97537E606631}.Release|x86.Build.0 = Release|Win32
		{BF1444E8-844F-44CD-95FA-EB44AD809F97}.Debug|x64.ActiveCfg = Debug|x64
		{BF1444E8-844F-44CD-95FA-EB44AD809F97}.Debug|x64.Build.0 = Debug|x64
		{BF1444E8-844F-44CD-95FA-EB44AD809F97}.Debug|x86.ActiveCfg = Debug|Win32
		{BF1444E8-844F-44CD-95FA-EB44AD809F97}.Debug|x86.Build.0 = Debug|Win32
		{BF1444E8-844F-44CD-95FA-EB44AD809F97}.Release|x64.ActiveCfg = Release|x64
		{BF1444E8-844F-44CD-95FA-EB44AD809F97}.Release|x64.Build.0 = Release|x64
		{BF1444E8-844F-44CD-95FA-EB44AD809F97}.Release|x86.ActiveCfg = Release|Win32
		{BF1444E8-844F-44CD-95FA-EB44AD809F97}.Release|x86.Build.0 = Release|Win32
		{D71CA465-028E-4D35-86A2-7F4ED900A761}.Debug|x64.ActiveCfg = Debug|x64
		{D71CA465-028E-4D35-86A2-7F4ED900A761}.Debug|x64.Build.0 = Debug|x64
		{D71CA465-028E-4D35-86A2-7F4ED900A761}.Debug|x86.ActiveCfg = Debug|Win32
		{D71CA465-028E-4D35-86A2-7F4ED900A761}.Debug|x86.Build.0 = Debug|Win32
		{D71CA465-028E-4D35-86A2-7F4ED900A761}.Release|x64.ActiveCfg = Release|x64
		{D71CA465-028E-4D35-86A2-7F4ED900A761}.Release|x64.Build.0 = Release|x64
		{D71CA465-028E-4D35-86A2-7F4ED900A761}.Release|x86.ActiveCfg = Release|Win32
		{D71CA465-028E-4D35-86A2-7F4ED900A761}.Release|x86.Build.0 = Release|Win32
		{40B10E00-F609-454B-88BA-A8FA16CB7DA6}.Debug|x64.ActiveCfg = Debug|x64
		{40B10E00-F609-454B-88BA-A8FA16CB7DA6}.Debug|x64.Build.0 = Debug|x64
		{40B10E00-F609-454B-88BA-A8FA16CB7DA6}.Debug|x86.ActiveCfg = Debug|Win32
		{40B10E00-F609-454B-88BA-A8FA16CB7DA6}.Debug|x86.Build.0 = Debug|Win32
		{40B10E00-F609-454B-88BA-A8FA16CB7DA6}.Release|x64.ActiveCfg = Release|x64
		{40B10E00-F609-454B-88BA-A8FA16CB7DA6}.Release|x64.Build.0 = Release|x64
		{40B10E00-F609-454B-88BA-A8FA16CB7DA6}.Release|x86.ActiveCfg = Release|Win32
		{40B10E00-F609-454B-88BA-A8FA16CB7DA6}.Release|x86.Build.0 = Release|Win32
		{372ED09A-D05A-43AD-9976-9C77BE604109}.Debug|x64.ActiveCfg = Debug|x64
		{372ED09A-D05A-43AD-9976-9C77BE604109}.Debug|x64.Build.0 = Debug|x64
		{372ED09A-D05A-43AD-9976-9C77BE604109}.Debug|x86.ActiveCfg = Debug|Win32
		{372ED09A-D05A-43AD-9976-9C77BE604109}.Debug|x86.Build.0 = Debug|Win32
		{372ED09A-D05A-43AD-9976-9C77BE604109}.Release|x64.ActiveCfg = Release|x64
		{372ED09A-D05A-43AD-9976-9C77BE604109}.Release|x64.Build.0 = Release|x64
		{372ED09A-D05A-43AD-9976-9C77BE604109}.Release|x86.ActiveCfg = Release|Win32
		{372ED09A-D05A-43AD-9976-9C77BE604109}.Release|x86.Build.0 = Release|Win32
		{172B4394-7351-43C1-AE16-56F42AFD0EEF}.Debug|x64.ActiveCfg = Debug|x64
		{172B4394-7351-43C1-AE16-56F42AFD0EEF}.Debug|x64.Build.0 = Debug|x64
		{172B4394-7351-43C1-AE16-56F42AFD0EEF}.Debug|x86.ActiveCfg = Debug|Win32
		{172B4394-7351-43C1-AE16-56F42AFD0EEF}.Debug|x86.Build.0 = Debug|Win32
		{172B4394-7351-43C1-AE16-56F42AFD0EEF}.Release|x64.ActiveCfg = Release|x64
		{172B4394-7351-43C1-AE16-56F42AFD0EEF}.Release|x64.Build.0 = Release|x64
		{172B4394-7351-43C1-AE16-56F42AFD0EEF}.Release|x86.ActiveCfg = Release|Win32
		{172B4394-7351-43C1-AE16-56F42AFD0EEF}.Release|x86.Build.0 = Release|Win32
		{82BF1E20-947C-4195-9AB1-CB108550BEA4}.Debug|x64.ActiveCfg = Debug|x64
		{82BF1E20-947C-4195-9AB1-CB108550BEA4}.Debug|x64.Build.0 = Debug|x64
		{82BF1E20-947C-4195-9AB1-CB108550BEA4}.Debug|x86.ActiveCfg = Debug|Win32
		{82BF1E20-947C-4195-9AB1-CB108550BEA4}.Debug|x86.Build.0 = Debug|Win32
		{82BF1E20-947C-4195-9AB1-CB108550BEA4}.Release|x64.ActiveCfg = Release|x64
		{82BF1E20-947C-4195-9AB1-CB108550BEA4}.Release|x64.Build.0 = Release|x64
		{82BF1E20-947C-4195-9AB1-CB108550BEA4}.Release|x86.ActiveCfg = Release|Win32
		{82BF1E20-947C-4195-9AB1-CB108550BEA4}.Release|x86.Build.0 = Release|Win32
		{37DB96BF-5AB8-4350-9938-499762C2059A}.Debug|x64.ActiveCfg = Debug|x64
		{37DB96BF-5AB8-4350-9938-499762C2059A}.Debug|x64.Build.0 = Debug|x64
		{37DB96BF-5AB8-4350-9938-499762C2059A}.Debug|x86.ActiveCfg = Debug|Win32
		{37DB96BF-5AB8-4350-9938-499762C2059A}.Debug|x86.Build.0 = Debug|Win32
		{37DB96BF-5AB8-4350-9938-499762C2059A}.Release|x64.ActiveCfg = Release|x64
		{37DB96BF-5AB8-4350-9938-499762C2059A}.Release|x64.Build.0 = Release|x64
		{37DB96BF-5AB8-4350-9938-499762C2059A}.Release|x86.ActiveCfg = Release|Win32
		{37DB96BF-5AB8-4350-9938-499762C2059A}.Release|x86.Build.0 = Release|Win32
		{DB00624F-725E-4D75-B28C-4820B295E997}.Debug|x64.ActiveCfg = Debug|x64
		{DB00624F-725E-4D75-B28C-4820B295E997}.Debug|x64.Build.0 = Debug|x64
		{DB00624F-725E-4D75-B28C-4820B295E997}.Debug|x86.ActiveCfg = Debug|Win32
		{DB00624F-725E-4D75-B28C-4820B295E997}.Debug|x86.Build.0 = Debug|Win32
		{DB00624F-725E-4D75-B28C-4820B295E997}.Release|x64.ActiveCfg = Release|x64
		{DB00624F-725E-4D75-B28C-4820B295E997}.Release|x64.Build.0 = Release|x64
		{DB00624F-725E-4D75-B28C-4820B295E997}.Release|x86.ActiveCfg = Release|Win32
		{DB00624F-725E-4D75-B28C-4820B295E997}.Release|x86.Build.0 = Release|Win32
		{67724108-621F-49E2-9E08-F8604228C7A3}.Debug|x64.ActiveCfg = Debug|x64
		{67724108-621F-49E2-9E08-F8604228C7A3}.Debug|x64.Build.0 = Debug|x64
		{67724108-621F-49E2-9E08-F8604228C7A3}.Debug|x86.ActiveCfg = Debug|Win32
		{67724108-621F-49E2-9E08-F8604228C7A3}.Debug|x86.Build.0 = Debug|Win32
		{67724108-621F-49E2-9E08-F8604228C7A3}.Release|x64.ActiveCfg = Release|x64
		{67724108-621F-49E2-9E08-F8604228C7A3}.Release|x64.Build.0 = Release|x64
		{67724108-621F-49E2-9E08-F8604228C7A3}.Release|x86.ActiveCfg = Release|Win32
		{67724108-621F-49E2-9E08-F8604228C7A3}.Release|x86.Build.0 = Release|Win32
		{7D365D83-5D1C-4C30-B716-13A07D4CB64B}.Debug|x64.ActiveCfg = Debug|x64
		{7D365D83-5D1C-4C30-B716-13A07D4CB64B}.Debug|x64.Build.0 = Debug|x64
		{7D365D83-5D1C-4C30-B716-13A07D4CB64B}.Debug|x86.ActiveCfg = Debug|Win32
		{7D365D83-5D1C-4C30-B716-13A07D4CB64B}.Debug|x86.Build.0 = Debug|Win32
		{7D365D83-5D1C-4C30-B716-13A07D4CB64B}.Release|x64.ActiveCfg = Release|x64
		{7D365D83-5D1C-4C30-B716-13A07D4CB64B}.Release|x64.Build.0 = Release|x64
		{7D365D83-5D1C-4C30-B716-13A07D4CB64B}.Release|x86.ActiveCfg = Release|Win32
		{7D365D83-5D1C-4C30-B716-13A07D4CB64B}.Release|x86.Build.0 = Release|Win32
		{AE68D192-FB33-48B0-A249-13367E535B20}.Debug|x64.ActiveCfg = Debug|x64
		{AE68D192-FB33-48B0-A249-13367E535B20}.Debug|x64.Build.0 = Debug|x64
		{AE68D192-FB33-48B0-A249-13367E535B20}.Debug|x86.ActiveCfg = Debug|Win32
		{AE68D192-FB33-48B0-A249-13367E535B20}.Debug|x86.Build.0 = Debug|Win32
		{AE68D192-FB33-48B0-A249-13367E535B20}.Release|x64.ActiveCfg = Release|x64
		{AE68D192-FB33-48B0-A249-13367E535B20}.Release|x64.Build.0 = Release|x64
		{AE68D192-FB33-48B0-A249-13367E535B20}.Release|x86.ActiveCfg = Release|Win32
		{AE68D192-FB33-48B0-A249-13367E535B20}.Release|x86.Build.0 = Release|Win32
		{79D13E9F-1015-4695-9CAA-9886F644F076}.Debug|x64.ActiveCfg = Debug|x64
		{79D13E9F-1015-4695-9CAA-9886F644F076}.Debug|x64.Build.0 = Debug|x64
		{79D13E9F-1015-4695-9CAA-9886F644F076}.Debug|x86.ActiveCfg = Debug|Win32
		{79D13E9F-1015-4695-9CAA-9886F644F076}.Debug|x86.Build.0 = Debug|Win32
		{79D13E9F-1015-4695-9CAA-9886F644F076}.Release|x64.ActiveCfg = Release|x64
		{79D13E9F-1015-4695-9CAA-9886F644F076}.Release|x64.Build.0 = Release|x64
		{79D13E9F-1015-4695-9CAA-9886F644F076}.Release|x86.ActiveCfg = Release|Win32
		{79D13E9F-1015-4695-9CAA-9886F644F076}.Release|x86.Build.0 = Release|Win32
		{703CC73D-28C0-44FF-9CE5-7CD8DCC11C90}.Debug|x64.ActiveCfg = Debug|x64
		{703CC73D-28C0-44FF-9CE5-7CD8DCC11C90}.Debug|x64.Build.0 = Debug|x64
		{703CC73D-28C0-44FF-9CE5-7CD8DCC11C90}.Debug|x86.ActiveCfg = Debug|Win32
		{703CC73D-28C0-44FF-9CE5-7CD8DCC11C90}.Debug|x86.Build.0 = Debug|Win32
		{703CC73D-28C0-44FF-9CE5-7CD8DCC11C90}.Release|x64.ActiveCfg = Release|x64
		{703CC73D-28C0-44FF-9CE5-7CD8DCC11C90}.Release|x64.Build.0 = Release|x64
		{703CC73D-28C0-44FF-9CE5-7CD8DCC11C90}.Release|x86.ActiveCfg = Release|Win32
		{703CC73D-28C0-44FF-9CE5-7CD8DCC11C90}.Release|x86.Build.0 = Release|Win32
		{C7AE13E3-DC26-4048-96F5-D873990DD58C}.Debug|x64.ActiveCfg = Debug|x64
		{C7AE13E3-DC26-4048-96F5-D873990DD58C}.Debug|x64.Build.0 = Debug|x64
		{C7AE13E3-DC26-4048-96F5-D873990DD58C}.Debug|x86.ActiveCfg = Debug|Win32
		{C7AE13E3-DC26-4048-96F5-D873990DD58C}.Debug|x86.Build.0 = Debug|Win32
		{C7AE13E3-DC26-4048-96F5-D873990DD58C}.Release|x64.ActiveCfg = Release|x64
		{C7AE13E3-DC26-4048-96F5-D873990DD58C}.Release|x64.Build.0 = Release|x64
		{C7AE13E3-DC26-4048-96F5-D873990DD58C}.Release|x86.ActiveCfg = Release|Win32
		{C7AE13E3-DC26-4048-96F5-D873990DD58C}.Release|x86.Build.0 = Release|Win32
		{0694EC7A-604C-4605-8FFF-5602CEEC0FD4}.Debug|x64.ActiveCfg = Debug|x64
		{0694EC7A-604C-4605-8FFF-5602CEEC0FD4}.Debug|x64.Build.0 = Debug|x64
		{0694EC7A-604C-4605-8FFF-5602CEEC0FD4}.Debug|x86.ActiveCfg = Debug|Win32
		{0694EC7A-604C-4605-8FFF-5602CEEC0FD4}.Debug|x86.Build.0 = Debug|Win32
		{0694EC7A-604C-4605-8FFF-5602CEEC0FD4}.Release|x64.ActiveCfg = Release|x64
		{0694EC7A-604C-4605-8FFF-5602CEEC0FD4}.Release|x64.Build.0 = Release|x64
		{0694EC7A-604C-4605-8FFF-5602CEEC0FD4}.Release|x86.ActiveCfg = Release|Win32
		{0694EC7A-604C-4605-8FFF-5602CEEC0FD4}.Release|x86.Build.0 = Release|Win32
		{B340A5E4-8AD3-45D2-A9C8-D0B5E479B28F}.Debug|x64.ActiveCfg = Debug|x64
		{B340A5E4-8AD3-45D2-A9C8-D0B5E479B28F}.Debug|x64.Build.0 = Debug|x64
		{B340A5E4-8AD3-45D2-A9C8-D0B5E479B28F}.Debug|x86.ActiveCfg = Debug|Win32
		{B340A5E4-8AD3-45D2-A9C8-D0B5E479B28F}.Debug|x86.Build.0 = Debug|Win32
		{B340A5E4-8AD3-45D2-A9C8-D0B5E479B28F}.Release|x64.ActiveCfg = Release|x64
		{B340A5E4-8AD3-45D2-A9C8-D0B5E479B28F}.Release|x64.Build.0 = Release|x64
		{B340A5E4-8AD3-45D2-A9C8-D0B5E479B28F}.Release|x86.ActiveCfg = Release|Win32
		{B340A5E4-8AD3-45D2-A9C8-D0B5E479B28F}.Release|x86.Build.0 = Release|Win32
		{37277E7E-DC42-45B0-AD91-3B23D1EC24AC}.Debug|x64.ActiveCfg = Debug|x64
		{37277E7E-DC42-45B0-AD91-3B23D1EC24AC}.Debug|x64.Build.0 = Debug|x64
		{37277E7E-DC42-45B0-AD91-3B23D1EC24AC}.Debug|x86.ActiveCfg = Debug|Win32
		{37277E7E-DC42-45B0-AD91-3B23D1EC24AC}.Debug|x86.Build.0 = Debug|Win32
		{37277E7E-DC42-45B0-AD91-3B23D1EC24AC}.Release|x64.ActiveCfg = Release|x64
		{37277E7E-DC42-45B0-AD91-3B23D1EC24AC}.Release|x64.Build.0 = Release|x64
		{37277E7E-DC42-45B0-AD91-3B23D1EC24AC}.Release|x86.ActiveCfg = Release|Win32
		{37277E7E-DC42-45B0-AD91-3B23D1EC24AC}.Release|x86.Build.0 = Release|Win32
		{16666AB6-1961-49FE-AE72-4AD311373328}.Debug|x64.ActiveCfg = Debug|x64
		{16666AB6-1961-49FE-AE72-4AD311373328}.Debug|x64.Build.0 = Debug|x64
		{16666AB6-1961-49FE-AE72-4AD311373328}.Debug|x86.ActiveCfg = Debug|Win32
		{16666AB6-1961-49FE-AE72-4AD311373328}.Debug|x86.Build.0 = Debug|Win32
		{16666AB6-1961-49FE-AE72-4AD311373328}.Release|x64.ActiveCfg = Release|x64
		{16666AB6-1961-49FE-AE72-4AD311373328}.Release|x64.Build.0 = Release|x64
		{16666AB6-1961-49FE-AE72-4AD311373328}.Release|x86.ActiveCfg = Release|Win32
		{16666AB6-1961-49FE-AE72-4AD311373328}.Release|x86.Build.0 = Release|Win32
		{2A8BFBF4-B59C-4576-BBB2-93FED78A8428}.Debug|x64.ActiveCfg = Debug|x64
		{2A8BFBF4-B59C-4576-BBB2-93FED78A8428}.Debug|x64.Build.0 = Debug|x64
		{2A8BFBF4-B59C-4576-BBB2-93FED78A8428}.Debug|x86.ActiveCfg = Debug|Win32
		{2A8BFBF4-B59C-4576-BBB2-93FED78A8428}.Debug|x86.Build.0 = Debug|Win32
		{2A8BFBF4-B59C-4576-BBB2-93FED78A8428}.Release|x64.ActiveCfg = Release|x64
		{2A8BFBF4-B59C-4576-BBB2-93FED78A8428}.Release|x64.Build.0 = Release|x64
		{2A8BFBF4-B59C-4576-BBB2-93FED78A8428}.Release|x86.ActiveCfg = Release|Win32
		{2A8BFBF4-B59C-4576-BBB2-93FED78A8428}.Release|x86.Build.0 = Release|Win32
		{D6CFF797-E9C0-41EB-B899-CEDC237CE7C8}.Debug|x64.ActiveCfg = Debug|x64
		{D6CFF797-E9C0-41EB-B899-CEDC237CE7C8}.Debug|x64.Build.0 = Debug|x64
		{D6CFF797-E9C0-41EB-B899-CEDC237CE7C8}.Debug|x86.ActiveCfg = Debug|Win32
		{D6CFF797-E9C0-41EB-B899-CEDC237CE7C8}.Debug|x86.Build.0 = Debug|Win32
		{D6CFF797-E9C0-41EB-B899-CEDC237CE7C8}.Release|x64.ActiveCfg = Release|x64
		{D6CFF797-E9C0-41EB-B899-CEDC237CE7C8}.Release|x64.Build.0 = Release|x64
		{D6CFF797-E9C0-41EB-B899-CEDC237CE7C8}.Release|x86.ActiveCfg = Release|Win32
		{D6CFF797-E9C0-41EB-B899-CEDC237CE7C8}.Release|x86.Build.0 = Release|Win32
		{D7CBA831-DBC2-4E33-9518-B782FA07893D}.Debug|x64.ActiveCfg = Debug|x64
		{D7CBA831-DBC2-4E33-9518-B782FA07893D}.Debug|x64.Build.0 = Debug|x64
		{D7CBA831-DBC2-4E33-9518-B782FA07893D}.Debug|x86.ActiveCfg = Debug|Win32
		{D7CBA831-DBC2-4E33-9518-B782FA07893D}.Debug|x86.Build.0 = Debug|Win32
		{D7CBA831-DBC2-4E33-9518-B782FA07893D}.Release|x64.ActiveCfg = Release|x64
		{D7CBA831-DBC2-4E33-9518-B782FA07893D}.Release|x64.Build.0 = Release|x64
		{D7CBA831-DBC2-4E33-9518-B782FA07893D}.Release|x86.ActiveCfg = Release|Win32
		{D7CBA831-DBC2-4E33-9518-B782FA07893D}.Release|x86.Build.0 = Release|Win32
		{472E7706-BE25-4ACC-96B6-0F3E55EAF43D}.Debug|x64.ActiveCfg = Debug|x64
		{472E7706-BE25-4ACC-96B6-0F3E55EAF43D}.Debug|x64.Build.0 = Debug|x64
		{472E7706-BE25-4ACC-96B6-0F3E55EAF43D}.Debug|x86.ActiveCfg = Debug|Win32
		{472E7706-BE25-4ACC-96B6-0F3E55EAF43D}.Debug|x86.Build.0 = Debug|Win32
		{472E7706-BE25-4ACC-96B6-0F3E55EAF43D}.Release|x64.ActiveCfg = Release|x64
		{472E7706-BE25-4ACC-96B6-0F3E55EAF43D}.Release|x64.Build.0 = Release|x64
		{472E7706-BE25-4ACC-96B6-0F3E55EAF43D}.Release|x86.ActiveCfg = Release|Win32
		{472E7706-BE25-4ACC-96B6-0F3E55EAF43D}.Release|x86.Build.0 = Release|Win32
		{DE2BF27B-A64A-4423-B977-86544B8E3AAD}.Debug|x64.ActiveCfg = Debug|x64
		{DE2BF27B-A64A-4423-B977-86544B8E3AAD}.Debug|x64.Build.0 = Debug|x64
		{DE2BF27B-A64A-4423-B977-86544B8E3AAD}.Debug|x86.ActiveCfg = Debug|Win32
		{DE2BF27B-A64A-4423-B977-86544B8E3AAD}.Debug|x86.Build.0 = Debug|Win32
		{DE2BF27B-A64A-4423-B977-86544B8E3AAD}.Release|x64.ActiveCfg = Release|x64
		{DE2BF27B-A64A-4423-B977-86544B8E3AAD}.Release|x64.Build.0 = Release|x64
		{DE2BF27B-A64A-4423-B977-86544B8E3AAD}.Release|x86.ActiveCfg = Release|Win32
		{DE2BF27B-A64A-4423-B977-86544B8E3AAD}.Release|x86.Build.0 = Release|Win32
		{9D550194-E19A-40E1-94B4-1B16AA6817AE}.Debug|x64.ActiveCfg = Debug|x64
		{9D550194-E19A-40E1-94B4-1B16AA6817AE}.Debug|x64.Build.0 = Debug|x64
		{9D550194-E19A-40E1-94B4-1B16AA6817AE}.Debug|x86.ActiveCfg = Debug|Win32
		{9D550194-E19A-40E1-94B4-1B16AA6817AE}.Debug|x86.Build.0 = Debug|Win32
		{9D550194-E19A-40E1-94B4-1B16AA6817AE}.Release|x64.ActiveCfg = Release|x64
		{9D550194-E19A-40E1-94B4-1B16AA6817AE}.Release|x64.Build.0 = Release|x64
		{9D550194-E19A-40E1-94B4-1B16AA6817AE}.Release|x86.ActiveCfg = Release|Win32
		{9D550194-E19A-40E1-94B4-1B16AA6817AE}.Release|x86.Build.0 = Release|Win32
		{262A5D9F-37A4-4B95-9448-D599532EEB81}.Debug|x64.ActiveCfg = Debug|x64
		{262A5D9F-37A4-4B95-9448-D599532EEB81}.Debug|x64.Build.0 = Debug|x64
		{262A5D9F-37A4-4B95-9448-D599532EEB81}.Debug|x86.ActiveCfg = Debug|Win32
		{262A5D9F-37A4-4B95-9448-D599532EEB81}.Debug|x86.Build.0 = Debug|Win32
		{262A5D9F-37A4-4B95-9448-D599532EEB81}.Release|x64.ActiveCfg = Release|x64
		{262A5D9F-37A4-4B95-9448-D599532EEB81}.Release|x64.Build.0 = Release|x64
		{262A5D9F-37A4-4B95-9448-D599532EEB81}.Release|x86.ActiveCfg = Release|Win32
		{262A5D9F-37A4-4B95-9448-D599532EEB81}.Release|x86.Build.0 = Release|Win32
		{87303C7F-384B-4B19-B8E9-DC702FA44663}.Debug|x64.ActiveCfg = Debug|x64
		{87303C7F-384B-4B19-B8E9-DC702FA44663}.Debug|x64.Build.0 = Debug|x64
		{87303C7F-384B-4B19-B8E9-DC702FA44663}.Debug|x86.ActiveCfg = Debug|Win32
		{87303C7F-384B-4B19-B8E9-DC702FA44663}.Debug|x86.Build.0 = Debug|Win32
		{87303C7F-384B-4B19-B8E9-DC702FA44663}.Release|x64.ActiveCfg = Release|x64
		{87303C7F-384B-4B19-B8E9-DC702FA44663}.Release|x64.Build.0 = Release|x64
		{87303C7F-384B-4B19-B8E9-DC702FA44663}.Release|x86.ActiveCfg = Release|Win32
		{87303C7F-384B-4B19-B8E9-DC702FA44663}.Release|x86.Build.0 = Release|Win32
		{ECE60C87-E837-4CDF-AE19-35B53B1D3E50}.Debug|x64.ActiveCfg = Debug|x64
		{ECE60C87-E837-4CDF-AE19-35B53B1D3E50}.Debug|x64.Build.0 = Debug|x64
		{ECE60C87-E837-4CDF-AE19-35B53B1D3E50}.Debug|x86.ActiveCfg = Debug|Win32
		{ECE60C87-E837-4CDF-AE19-35B53B1D3E50}.Debug|x86.Build.0 = Debug|Win32
		{ECE60C87-E837-4CDF-AE19-35B53B1D3E50}.Release|x64.ActiveCfg = Release|x64
		{ECE60C87-E837-4CDF-AE19-35B53B1D3E50}.Release|x64.Build.0 = Release|x64
		{ECE60C87-E837-4CDF-AE19-35B53B1D3E50}.Release|x86.ActiveCfg = Release|Win32
		{ECE60C87-E837-4CDF-AE19-35B53B1D3E50}.Release|x86.Build.0 = Release|Win32
		{4BB51DCC-2464-4B5E-887D-1EDDB672EEB7}.Debug|x64.ActiveCfg = Debug|x64
		{4BB51DCC-2464-4B5E-887D-1EDDB672EEB7}.Debug|x64.Build.0 = Debug|x64
		{4BB51DCC-2464-4B5E-887D-1EDDB672EEB7}.Debug|x86.ActiveCfg = Debug|Win32
		{4BB51DCC-2464-4B5E-887D-1EDDB672EEB7}.Debug|x86.Build.0 = Debug|Win32
		{4BB51DCC-2464-4B5E-887D-1EDDB672EEB7}.Release|x64.ActiveCfg = Release|x64
		{4BB51DCC-2464-4B5E-887D-1EDDB672EEB7}.Release|x64.Build.0 = Release|x64
		{4BB51DCC-2464-4B5E-887D-1EDDB672EEB7}.Release|x86.ActiveCfg = Release|Win32
		{4BB51DCC-2464-4B5E-887D-1EDDB672EEB7}.Release|x86.Build.0 = Release|Win32
		{3D0F33A3-7348-4E94-BB88-53874E57A666}.Debug|x64.ActiveCfg = Debug|x64
		{3D0F33A3-7348-4E94-BB88-53874E57A666}.Debug|x64.Build.0 = Debug|x64
		{3D0F33A3-7348-4E94-BB88-53874E57A666}.Debug|x86.ActiveCfg = Debug|Win32
		{3D0F33A3-7348-4E94-BB88-53874E57A666}.Debug|x86.Build.0 = Debug|Win32
		{3D0F33A3-7348-4E94-BB88-53874E57A666}.Release|x64.ActiveCfg = Release|x64
		{3D0F33A3-7348-4E94-BB88-53874E57A666}.Release|x64.Build.0 = Release|x64
		{3D0F33A3-7348-4E94-BB88-53874E57A666}.Release|x86.ActiveCfg = Release|Win32
		{3D0F33A3-7348-4E94-BB88-53874E57A666}.Release|x86.Build.0 = Release|Win32
		{82FDC0DA-8455-4595-B740-90D01F422FDE}.Debug|x64.ActiveCfg = Debug|x64
		{82FDC0DA-8455-4595-B740-90D01F422FDE}.Debug|x64.Build.0 = Debug|x64
		{82FDC0DA-8455-4595-B740-90D01F422FDE}.Debug|x86.ActiveCfg = Debug|Win32
		{82FDC0DA-8455-4595-B740-90D01F422FDE}.Debug|x86.Build.0 = Debug|Win32
		{82FDC0DA-8455-4595-B740-90D01F422FDE}.Release|x64.ActiveCfg = Release|x64
		{82FDC0DA-8455-4595-B740-90D01F422FDE}.Release|x64.Build.0 = Release|x64
		{82FDC0DA-8455-4595-B740-90D01F422FDE}.Release|x86.ActiveCfg = Release|Win32
		{82FDC0DA-8455-4595-B740-90D01F422FDE}.Release|x86.Build.0 = Release|Win32
	EndGlobalSection
	GlobalSection(SolutionProperties) = preSolution
		HideSolutionNode = FALSE
	EndGlobalSection
	GlobalSection(ExtensibilityGlobals) = postSolution
		SolutionGuid = {D8531F00-4DC1-4B38-ACFC-3BE8BF1BDD5E}
	EndGlobalSection
EndGlobal
